dependencies:
- name: notifications-service
  repository: file://./charts/notifications-service
  version: 0.1.0
- name: ui-service
  repository: file://./charts/ui-service
  version: 0.1.0
- name: accounts-service
  repository: file://./charts/accounts-service
  version: 0.1.0
- name: antifraud-service
  repository: file://./charts/antifraud-service
  version: 0.1.0
- name: cash-in-cash-out-service
  repository: file://./charts/cash-in-cash-out-service
  version: 0.1.0
- name: exchange-generation-service
  repository: file://./charts/exchange-generation-service
  version: 0.1.0
- name: gateway-service
  repository: file://./charts/gateway-service
  version: 0.1.0
- name: keycloak
  repository: https://raw.githubusercontent.com/bitnami/charts/refs/heads/archive-full-index/bitnami/
  version: 24.7.3
- name: transfer-service
  repository: file://./charts/transfer-service
  version: 0.1.0
- name: postgresql
  repository: https://raw.githubusercontent.com/bitnami/charts/refs/heads/archive-full-index/bitnami/
  version: 12.1.0
- name: kafka
  repository: https://raw.githubusercontent.com/bitnami/charts/refs/heads/archive-full-index/bitnami/
  version: 32.2.15
digest: sha256:1fd59708b3b97f1e0f8cb68a91358f374ebff40031df44ee414e3582e461eddd
generated: "2025-06-14T09:51:06.0255941+03:00"
