dependencies:
- name: notifications-service
  repository: file://./charts/notifications-service
  version: 0.1.0
- name: ui-service
  repository: file://./charts/ui-service
  version: 0.1.0
- name: accounts-service
  repository: file://./charts/accounts-service
  version: 0.1.0
- name: antifraud-service
  repository: file://./charts/antifraud-service
  version: 0.1.0
- name: cash-in-cash-out-service
  repository: file://./charts/cash-in-cash-out-service
  version: 0.1.0
- name: exchange-generation-service
  repository: file://./charts/exchange-generation-service
  version: 0.1.0
- name: gateway-service
  repository: file://./charts/gateway-service
  version: 0.1.0
- name: keycloak
  repository: https://raw.githubusercontent.com/bitnami/charts/refs/heads/archive-full-index/bitnami/
  version: 24.7.3
- name: transfer-service
  repository: file://./charts/transfer-service
  version: 0.1.0
- name: postgresql
  repository: https://raw.githubusercontent.com/bitnami/charts/refs/heads/archive-full-index/bitnami/
  version: 12.1.0
- name: kafka
  repository: https://raw.githubusercontent.com/bitnami/charts/refs/heads/archive-full-index/bitnami/
  version: 32.2.15
- name: zipkin
  repository: https://raw.githubusercontent.com/bitnami/charts/refs/heads/archive-full-index/bitnami/
  version: 1.3.5
- name: kube-prometheus-stack
  repository: https://prometheus-community.github.io/helm-charts
  version: 57.1.1
digest: sha256:85a141664d042e75aae202824ccb1be417d2fe0b7700b3b55799d6d199dd8eb0
generated: "2025-06-28T10:49:20.180516+03:00"
